// !$*UTF8*$!
{
	archiveVersion = 1;
	classes = {
	};
	objectVersion = 50;
	objects = {

/* Begin PBXBuildFile section */
		835F1DD121A218BC00783451 /* RestKit.framework in Frameworks */ = {isa = PBXBuildFile; fileRef = 835F1DD021A218BC00783451 /* RestKit.framework */; };
		835F1DD221A218D100783451 /* TextToSpeechV1.framework in Frameworks */ = {isa = PBXBuildFile; fileRef = 835F1DCE21A214FB00783451 /* TextToSpeechV1.framework */; };
		8393D45A21A22DC000C515E4 /* FlashcardViewController.swift in Sources */ = {isa = PBXBuildFile; fileRef = 8393D45921A22DC000C515E4 /* FlashcardViewController.swift */; };
		83A0A52A218FAEB000B69148 /* SettingsViewController.swift in Sources */ = {isa = PBXBuildFile; fileRef = 83A0A529218FAEB000B69148 /* SettingsViewController.swift */; };
		83D17E64218F503E0053F600 /* AppDelegate.swift in Sources */ = {isa = PBXBuildFile; fileRef = 83D17E63218F503E0053F600 /* AppDelegate.swift */; };
		83D17E66218F503E0053F600 /* ViewController.swift in Sources */ = {isa = PBXBuildFile; fileRef = 83D17E65218F503E0053F600 /* ViewController.swift */; };
		83D17E69218F503E0053F600 /* Main.storyboard in Resources */ = {isa = PBXBuildFile; fileRef = 83D17E67218F503E0053F600 /* Main.storyboard */; };
		83D17E6B218F503F0053F600 /* Assets.xcassets in Resources */ = {isa = PBXBuildFile; fileRef = 83D17E6A218F503F0053F600 /* Assets.xcassets */; };
		83D17E6E218F503F0053F600 /* LaunchScreen.storyboard in Resources */ = {isa = PBXBuildFile; fileRef = 83D17E6C218F503F0053F600 /* LaunchScreen.storyboard */; };
		83DE3938218FC191002B43AA /* WordListViewController.swift in Sources */ = {isa = PBXBuildFile; fileRef = 83DE3937218FC191002B43AA /* WordListViewController.swift */; };
		83DE393A218FD6FE002B43AA /* CustomWordListViewController.swift in Sources */ = {isa = PBXBuildFile; fileRef = 83DE3939218FD6FE002B43AA /* CustomWordListViewController.swift */; };
		83DE393C218FE747002B43AA /* CustomWordViewController.swift in Sources */ = {isa = PBXBuildFile; fileRef = 83DE393B218FE747002B43AA /* CustomWordViewController.swift */; };
		83DE3942219CFCF1002B43AA /* ModeSelectViewController.swift in Sources */ = {isa = PBXBuildFile; fileRef = 83DE3941219CFCF1002B43AA /* ModeSelectViewController.swift */; };
		83DE3948219F415D002B43AA /* SightWord.swift in Sources */ = {isa = PBXBuildFile; fileRef = 83DE3947219F415D002B43AA /* SightWord.swift */; };
/* End PBXBuildFile section */

/* Begin PBXFileReference section */
		835F1DCC21A214CE00783451 /* Carthage */ = {isa = PBXFileReference; lastKnownFileType = folder; path = Carthage; sourceTree = "<group>"; };
		835F1DCE21A214FB00783451 /* TextToSpeechV1.framework */ = {isa = PBXFileReference; lastKnownFileType = wrapper.framework; name = TextToSpeechV1.framework; path = Carthage/Build/iOS/TextToSpeechV1.framework; sourceTree = "<group>"; };
		835F1DD021A218BC00783451 /* RestKit.framework */ = {isa = PBXFileReference; lastKnownFileType = wrapper.framework; name = RestKit.framework; path = Carthage/Build/iOS/RestKit.framework; sourceTree = "<group>"; };
		8393D45921A22DC000C515E4 /* FlashcardViewController.swift */ = {isa = PBXFileReference; lastKnownFileType = sourcecode.swift; path = FlashcardViewController.swift; sourceTree = "<group>"; };
		83A0A529218FAEB000B69148 /* SettingsViewController.swift */ = {isa = PBXFileReference; lastKnownFileType = sourcecode.swift; path = SettingsViewController.swift; sourceTree = "<group>"; };
		83D17E60218F503E0053F600 /* SightWords.app */ = {isa = PBXFileReference; explicitFileType = wrapper.application; includeInIndex = 0; path = SightWords.app; sourceTree = BUILT_PRODUCTS_DIR; };
		83D17E63218F503E0053F600 /* AppDelegate.swift */ = {isa = PBXFileReference; lastKnownFileType = sourcecode.swift; path = AppDelegate.swift; sourceTree = "<group>"; };
		83D17E65218F503E0053F600 /* ViewController.swift */ = {isa = PBXFileReference; lastKnownFileType = sourcecode.swift; path = ViewController.swift; sourceTree = "<group>"; };
		83D17E68218F503E0053F600 /* Base */ = {isa = PBXFileReference; lastKnownFileType = file.storyboard; name = Base; path = Base.lproj/Main.storyboard; sourceTree = "<group>"; };
		83D17E6A218F503F0053F600 /* Assets.xcassets */ = {isa = PBXFileReference; lastKnownFileType = folder.assetcatalog; path = Assets.xcassets; sourceTree = "<group>"; };
		83D17E6D218F503F0053F600 /* Base */ = {isa = PBXFileReference; lastKnownFileType = file.storyboard; name = Base; path = Base.lproj/LaunchScreen.storyboard; sourceTree = "<group>"; };
		83D17E6F218F503F0053F600 /* Info.plist */ = {isa = PBXFileReference; lastKnownFileType = text.plist.xml; path = Info.plist; sourceTree = "<group>"; };
		83DE3937218FC191002B43AA /* WordListViewController.swift */ = {isa = PBXFileReference; lastKnownFileType = sourcecode.swift; path = WordListViewController.swift; sourceTree = "<group>"; };
		83DE3939218FD6FE002B43AA /* CustomWordListViewController.swift */ = {isa = PBXFileReference; lastKnownFileType = sourcecode.swift; path = CustomWordListViewController.swift; sourceTree = "<group>"; };
		83DE393B218FE747002B43AA /* CustomWordViewController.swift */ = {isa = PBXFileReference; lastKnownFileType = sourcecode.swift; path = CustomWordViewController.swift; sourceTree = "<group>"; };
		83DE3941219CFCF1002B43AA /* ModeSelectViewController.swift */ = {isa = PBXFileReference; lastKnownFileType = sourcecode.swift; path = ModeSelectViewController.swift; sourceTree = "<group>"; };
		83DE3947219F415D002B43AA /* SightWord.swift */ = {isa = PBXFileReference; lastKnownFileType = sourcecode.swift; path = SightWord.swift; sourceTree = "<group>"; };
/* End PBXFileReference section */

/* Begin PBXFrameworksBuildPhase section */
		83D17E5D218F503E0053F600 /* Frameworks */ = {
			isa = PBXFrameworksBuildPhase;
			buildActionMask = 2147483647;
			files = (
				835F1DD221A218D100783451 /* TextToSpeechV1.framework in Frameworks */,
				835F1DD121A218BC00783451 /* RestKit.framework in Frameworks */,
			);
			runOnlyForDeploymentPostprocessing = 0;
		};
/* End PBXFrameworksBuildPhase section */

/* Begin PBXGroup section */
		835F1DCB21A214CD00783451 /* Frameworks */ = {
			isa = PBXGroup;
			children = (
				835F1DD021A218BC00783451 /* RestKit.framework */,
				835F1DCE21A214FB00783451 /* TextToSpeechV1.framework */,
				835F1DCC21A214CE00783451 /* Carthage */,
			);
			name = Frameworks;
			sourceTree = "<group>";
		};
		83D17E57218F503E0053F600 = {
			isa = PBXGroup;
			children = (
				83DE3947219F415D002B43AA /* SightWord.swift */,
				83D17E62218F503E0053F600 /* SightWords */,
				83D17E61218F503E0053F600 /* Products */,
				835F1DCB21A214CD00783451 /* Frameworks */,
			);
			sourceTree = "<group>";
		};
		83D17E61218F503E0053F600 /* Products */ = {
			isa = PBXGroup;
			children = (
				83D17E60218F503E0053F600 /* SightWords.app */,
			);
			name = Products;
			sourceTree = "<group>";
		};
		83D17E62218F503E0053F600 /* SightWords */ = {
			isa = PBXGroup;
			children = (
				83D17E63218F503E0053F600 /* AppDelegate.swift */,
				83D17E65218F503E0053F600 /* ViewController.swift */,
				83DE3941219CFCF1002B43AA /* ModeSelectViewController.swift */,
				8393D45921A22DC000C515E4 /* FlashcardViewController.swift */,
				83A0A529218FAEB000B69148 /* SettingsViewController.swift */,
				83DE3937218FC191002B43AA /* WordListViewController.swift */,
				83DE3939218FD6FE002B43AA /* CustomWordListViewController.swift */,
				83DE393B218FE747002B43AA /* CustomWordViewController.swift */,
				83D17E67218F503E0053F600 /* Main.storyboard */,
				83D17E6A218F503F0053F600 /* Assets.xcassets */,
				83D17E6C218F503F0053F600 /* LaunchScreen.storyboard */,
				83D17E6F218F503F0053F600 /* Info.plist */,
			);
			path = SightWords;
			sourceTree = "<group>";
		};
/* End PBXGroup section */

/* Begin PBXNativeTarget section */
		83D17E5F218F503E0053F600 /* SightWords */ = {
			isa = PBXNativeTarget;
			buildConfigurationList = 83D17E72218F503F0053F600 /* Build configuration list for PBXNativeTarget "SightWords" */;
			buildPhases = (
				83D17E5C218F503E0053F600 /* Sources */,
				83D17E5D218F503E0053F600 /* Frameworks */,
				83D17E5E218F503E0053F600 /* Resources */,
				835F1DD321A2193C00783451 /* ShellScript */,
			);
			buildRules = (
			);
			dependencies = (
			);
			name = SightWords;
			productName = SightWords;
			productReference = 83D17E60218F503E0053F600 /* SightWords.app */;
			productType = "com.apple.product-type.application";
		};
/* End PBXNativeTarget section */

/* Begin PBXProject section */
		83D17E58218F503E0053F600 /* Project object */ = {
			isa = PBXProject;
			attributes = {
				LastSwiftUpdateCheck = 1010;
				LastUpgradeCheck = 1010;
				ORGANIZATIONNAME = "Chris Surguine";
				TargetAttributes = {
					83D17E5F218F503E0053F600 = {
						CreatedOnToolsVersion = 10.1;
					};
				};
			};
			buildConfigurationList = 83D17E5B218F503E0053F600 /* Build configuration list for PBXProject "SightWords" */;
			compatibilityVersion = "Xcode 9.3";
			developmentRegion = en;
			hasScannedForEncodings = 0;
			knownRegions = (
				en,
				Base,
			);
			mainGroup = 83D17E57218F503E0053F600;
			productRefGroup = 83D17E61218F503E0053F600 /* Products */;
			projectDirPath = "";
			projectRoot = "";
			targets = (
				83D17E5F218F503E0053F600 /* SightWords */,
			);
		};
/* End PBXProject section */

/* Begin PBXResourcesBuildPhase section */
		83D17E5E218F503E0053F600 /* Resources */ = {
			isa = PBXResourcesBuildPhase;
			buildActionMask = 2147483647;
			files = (
				83D17E6E218F503F0053F600 /* LaunchScreen.storyboard in Resources */,
				83D17E6B218F503F0053F600 /* Assets.xcassets in Resources */,
				83D17E69218F503E0053F600 /* Main.storyboard in Resources */,
			);
			runOnlyForDeploymentPostprocessing = 0;
		};
/* End PBXResourcesBuildPhase section */

/* Begin PBXShellScriptBuildPhase section */
		835F1DD321A2193C00783451 /* ShellScript */ = {
			isa = PBXShellScriptBuildPhase;
			buildActionMask = 2147483647;
			files = (
			);
			inputFileListPaths = (
			);
			inputPaths = (
				"$(SRCROOT)/Carthage/Build/iOS/TextToSpeechV1.framework",
				"$(SRCROOT)/Carthage/Build/iOS/RestKit.framework",
			);
			outputFileListPaths = (
			);
			outputPaths = (
			);
			runOnlyForDeploymentPostprocessing = 0;
			shellPath = /bin/sh;
			shellScript = "# Type a script or drag a script file from your workspace to insert its path.\n/usr/local/bin/carthage copy-frameworks\n";
		};
/* End PBXShellScriptBuildPhase section */

/* Begin PBXSourcesBuildPhase section */
		83D17E5C218F503E0053F600 /* Sources */ = {
			isa = PBXSourcesBuildPhase;
			buildActionMask = 2147483647;
			files = (
				83DE3948219F415D002B43AA /* SightWord.swift in Sources */,
				83DE3942219CFCF1002B43AA /* ModeSelectViewController.swift in Sources */,
				8393D45A21A22DC000C515E4 /* FlashcardViewController.swift in Sources */,
				83D17E66218F503E0053F600 /* ViewController.swift in Sources */,
				83D17E64218F503E0053F600 /* AppDelegate.swift in Sources */,
				83DE3938218FC191002B43AA /* WordListViewController.swift in Sources */,
				83DE393C218FE747002B43AA /* CustomWordViewController.swift in Sources */,
				83A0A52A218FAEB000B69148 /* SettingsViewController.swift in Sources */,
				83DE393A218FD6FE002B43AA /* CustomWordListViewController.swift in Sources */,
			);
			runOnlyForDeploymentPostprocessing = 0;
		};
/* End PBXSourcesBuildPhase section */

/* Begin PBXVariantGroup section */
		83D17E67218F503E0053F600 /* Main.storyboard */ = {
			isa = PBXVariantGroup;
			children = (
				83D17E68218F503E0053F600 /* Base */,
			);
			name = Main.storyboard;
			sourceTree = "<group>";
		};
		83D17E6C218F503F0053F600 /* LaunchScreen.storyboard */ = {
			isa = PBXVariantGroup;
			children = (
				83D17E6D218F503F0053F600 /* Base */,
			);
			name = LaunchScreen.storyboard;
			sourceTree = "<group>";
		};
/* End PBXVariantGroup section */

/* Begin XCBuildConfiguration section */
		83D17E70218F503F0053F600 /* Debug */ = {
			isa = XCBuildConfiguration;
			buildSettings = {
				ALWAYS_SEARCH_USER_PATHS = NO;
				CLANG_ANALYZER_NONNULL = YES;
				CLANG_ANALYZER_NUMBER_OBJECT_CONVERSION = YES_AGGRESSIVE;
				CLANG_CXX_LANGUAGE_STANDARD = "gnu++14";
				CLANG_CXX_LIBRARY = "libc++";
				CLANG_ENABLE_MODULES = YES;
				CLANG_ENABLE_OBJC_ARC = YES;
				CLANG_ENABLE_OBJC_WEAK = YES;
				CLANG_WARN_BLOCK_CAPTURE_AUTORELEASING = YES;
				CLANG_WARN_BOOL_CONVERSION = YES;
				CLANG_WARN_COMMA = YES;
				CLANG_WARN_CONSTANT_CONVERSION = YES;
				CLANG_WARN_DEPRECATED_OBJC_IMPLEMENTATIONS = YES;
				CLANG_WARN_DIRECT_OBJC_ISA_USAGE = YES_ERROR;
				CLANG_WARN_DOCUMENTATION_COMMENTS = YES;
				CLANG_WARN_EMPTY_BODY = YES;
				CLANG_WARN_ENUM_CONVERSION = YES;
				CLANG_WARN_INFINITE_RECURSION = YES;
				CLANG_WARN_INT_CONVERSION = YES;
				CLANG_WARN_NON_LITERAL_NULL_CONVERSION = YES;
				CLANG_WARN_OBJC_IMPLICIT_RETAIN_SELF = YES;
				CLANG_WARN_OBJC_LITERAL_CONVERSION = YES;
				CLANG_WARN_OBJC_ROOT_CLASS = YES_ERROR;
				CLANG_WARN_RANGE_LOOP_ANALYSIS = YES;
				CLANG_WARN_STRICT_PROTOTYPES = YES;
				CLANG_WARN_SUSPICIOUS_MOVE = YES;
				CLANG_WARN_UNGUARDED_AVAILABILITY = YES_AGGRESSIVE;
				CLANG_WARN_UNREACHABLE_CODE = YES;
				CLANG_WARN__DUPLICATE_METHOD_MATCH = YES;
				CODE_SIGN_IDENTITY = "iPhone Developer";
				COPY_PHASE_STRIP = NO;
				DEBUG_INFORMATION_FORMAT = dwarf;
				ENABLE_STRICT_OBJC_MSGSEND = YES;
				ENABLE_TESTABILITY = YES;
				GCC_C_LANGUAGE_STANDARD = gnu11;
				GCC_DYNAMIC_NO_PIC = NO;
				GCC_NO_COMMON_BLOCKS = YES;
				GCC_OPTIMIZATION_LEVEL = 0;
				GCC_PREPROCESSOR_DEFINITIONS = (
					"DEBUG=1",
					"$(inherited)",
				);
				GCC_WARN_64_TO_32_BIT_CONVERSION = YES;
				GCC_WARN_ABOUT_RETURN_TYPE = YES_ERROR;
				GCC_WARN_UNDECLARED_SELECTOR = YES;
				GCC_WARN_UNINITIALIZED_AUTOS = YES_AGGRESSIVE;
				GCC_WARN_UNUSED_FUNCTION = YES;
				GCC_WARN_UNUSED_VARIABLE = YES;
				IPHONEOS_DEPLOYMENT_TARGET = 12.1;
				MTL_ENABLE_DEBUG_INFO = INCLUDE_SOURCE;
				MTL_FAST_MATH = YES;
				ONLY_ACTIVE_ARCH = YES;
				SDKROOT = iphoneos;
				SWIFT_ACTIVE_COMPILATION_CONDITIONS = DEBUG;
				SWIFT_OPTIMIZATION_LEVEL = "-Onone";
			};
			name = Debug;
		};
		83D17E71218F503F0053F600 /* Release */ = {
			isa = XCBuildConfiguration;
			buildSettings = {
				ALWAYS_SEARCH_USER_PATHS = NO;
				CLANG_ANALYZER_NONNULL = YES;
				CLANG_ANALYZER_NUMBER_OBJECT_CONVERSION = YES_AGGRESSIVE;
				CLANG_CXX_LANGUAGE_STANDARD = "gnu++14";
				CLANG_CXX_LIBRARY = "libc++";
				CLANG_ENABLE_MODULES = YES;
				CLANG_ENABLE_OBJC_ARC = YES;
				CLANG_ENABLE_OBJC_WEAK = YES;
				CLANG_WARN_BLOCK_CAPTURE_AUTORELEASING = YES;
				CLANG_WARN_BOOL_CONVERSION = YES;
				CLANG_WARN_COMMA = YES;
				CLANG_WARN_CONSTANT_CONVERSION = YES;
				CLANG_WARN_DEPRECATED_OBJC_IMPLEMENTATIONS = YES;
				CLANG_WARN_DIRECT_OBJC_ISA_USAGE = YES_ERROR;
				CLANG_WARN_DOCUMENTATION_COMMENTS = YES;
				CLANG_WARN_EMPTY_BODY = YES;
				CLANG_WARN_ENUM_CONVERSION = YES;
				CLANG_WARN_INFINITE_RECURSION = YES;
				CLANG_WARN_INT_CONVERSION = YES;
				CLANG_WARN_NON_LITERAL_NULL_CONVERSION = YES;
				CLANG_WARN_OBJC_IMPLICIT_RETAIN_SELF = YES;
				CLANG_WARN_OBJC_LITERAL_CONVERSION = YES;
				CLANG_WARN_OBJC_ROOT_CLASS = YES_ERROR;
				CLANG_WARN_RANGE_LOOP_ANALYSIS = YES;
				CLANG_WARN_STRICT_PROTOTYPES = YES;
				CLANG_WARN_SUSPICIOUS_MOVE = YES;
				CLANG_WARN_UNGUARDED_AVAILABILITY = YES_AGGRESSIVE;
				CLANG_WARN_UNREACHABLE_CODE = YES;
				CLANG_WARN__DUPLICATE_METHOD_MATCH = YES;
				CODE_SIGN_IDENTITY = "iPhone Developer";
				COPY_PHASE_STRIP = NO;
				DEBUG_INFORMATION_FORMAT = "dwarf-with-dsym";
				ENABLE_NS_ASSERTIONS = NO;
				ENABLE_STRICT_OBJC_MSGSEND = YES;
				GCC_C_LANGUAGE_STANDARD = gnu11;
				GCC_NO_COMMON_BLOCKS = YES;
				GCC_WARN_64_TO_32_BIT_CONVERSION = YES;
				GCC_WARN_ABOUT_RETURN_TYPE = YES_ERROR;
				GCC_WARN_UNDECLARED_SELECTOR = YES;
				GCC_WARN_UNINITIALIZED_AUTOS = YES_AGGRESSIVE;
				GCC_WARN_UNUSED_FUNCTION = YES;
				GCC_WARN_UNUSED_VARIABLE = YES;
				IPHONEOS_DEPLOYMENT_TARGET = 12.1;
				MTL_ENABLE_DEBUG_INFO = NO;
				MTL_FAST_MATH = YES;
				SDKROOT = iphoneos;
				SWIFT_COMPILATION_MODE = wholemodule;
				SWIFT_OPTIMIZATION_LEVEL = "-O";
				VALIDATE_PRODUCT = YES;
			};
			name = Release;
		};
		83D17E73218F503F0053F600 /* Debug */ = {
			isa = XCBuildConfiguration;
			buildSettings = {
				ASSETCATALOG_COMPILER_APPICON_NAME = AppIcon;
				CODE_SIGN_STYLE = Automatic;
				DEVELOPMENT_TEAM = 9JSA6GCSV2;
				FRAMEWORK_SEARCH_PATHS = (
					"$(inherited)",
					"$(PROJECT_DIR)/Carthage/Build/iOS",
				);
				INFOPLIST_FILE = SightWords/Info.plist;
				LD_RUNPATH_SEARCH_PATHS = (
					"$(inherited)",
					"@executable_path/Frameworks",
				);
				PRODUCT_BUNDLE_IDENTIFIER = com.chrissurguine.SightWords;
				PRODUCT_NAME = "$(TARGET_NAME)";
				SWIFT_VERSION = 4.2;
				TARGETED_DEVICE_FAMILY = "1,2";
			};
			name = Debug;
		};
		83D17E74218F503F0053F600 /* Release */ = {
			isa = XCBuildConfiguration;
			buildSettings = {
				ASSETCATALOG_COMPILER_APPICON_NAME = AppIcon;
				CODE_SIGN_STYLE = Automatic;
				DEVELOPMENT_TEAM = 9JSA6GCSV2;
				FRAMEWORK_SEARCH_PATHS = (
					"$(inherited)",
					"$(PROJECT_DIR)/Carthage/Build/iOS",
				);
				INFOPLIST_FILE = SightWords/Info.plist;
				LD_RUNPATH_SEARCH_PATHS = (
					"$(inherited)",
					"@executable_path/Frameworks",
				);
				PRODUCT_BUNDLE_IDENTIFIER = com.chrissurguine.SightWords;
				PRODUCT_NAME = "$(TARGET_NAME)";
				SWIFT_VERSION = 4.2;
				TARGETED_DEVICE_FAMILY = "1,2";
			};
			name = Release;
		};
/* End XCBuildConfiguration section */

/* Begin XCConfigurationList section */
		83D17E5B218F503E0053F600 /* Build configuration list for PBXProject "SightWords" */ = {
			isa = XCConfigurationList;
			buildConfigurations = (
				83D17E70218F503F0053F600 /* Debug */,
				83D17E71218F503F0053F600 /* Release */,
			);
			defaultConfigurationIsVisible = 0;
			defaultConfigurationName = Release;
		};
		83D17E72218F503F0053F600 /* Build configuration list for PBXNativeTarget "SightWords" */ = {
			isa = XCConfigurationList;
			buildConfigurations = (
				83D17E73218F503F0053F600 /* Debug */,
				83D17E74218F503F0053F600 /* Release */,
			);
			defaultConfigurationIsVisible = 0;
			defaultConfigurationName = Release;
		};
/* End XCConfigurationList section */
	};
	rootObject = 83D17E58218F503E0053F600 /* Project object */;
}
